
Microsoft Visual Studio Solution File, Format Version 12.00
# Visual Studio Version 16
VisualStudioVersion = 16.0.31402.337
MinimumVisualStudioVersion = 10.0.40219.1
Project("{FAE04EC0-301F-11D3-BF4B-00C04F79EFBC}") = "pizza", "pizza.csproj", "{6A12AA61-71AF-4CB5-8814-AA3EF5073AFD}"
EndProject
Global
	GlobalSection(SolutionConfigurationPlatforms) = preSolution
		Debug|Any CPU = Debug|Any CPU
		Release|Any CPU = Release|Any CPU
	EndGlobalSection
	GlobalSection(ProjectConfigurationPlatforms) = postSolution
		{6A12AA61-71AF-4CB5-8814-AA3EF5073AFD}.Debug|Any CPU.ActiveCfg = Debug|Any CPU
		{6A12AA61-71AF-4CB5-8814-AA3EF5073AFD}.Debug|Any CPU.Build.0 = Debug|Any CPU
		{6A12AA61-71AF-4CB5-8814-AA3EF5073AFD}.Release|Any CPU.ActiveCfg = Debug|Any CPU
		{6A12AA61-71AF-4CB5-8814-AA3EF5073AFD}.Release|Any CPU.Build.0 = Debug|Any CPU
	EndGlobalSection
	GlobalSection(SolutionProperties) = preSolution
		HideSolutionNode = FALSE
	EndGlobalSection
	GlobalSection(ExtensibilityGlobals) = postSolution
		SolutionGuid = {A1F9C1D2-7580-4027-87E9-977049B2C654}
	EndGlobalSection
EndGlobal
